PODS:
  - CustomerGlu (2.0.4)
  - SwiftLint (0.45.0)

DEPENDENCIES:
  - CustomerGlu (= 2.0.4)
  - SwiftLint (= 0.45.0)

SPEC REPOS:
  trunk:
    - CustomerGlu
    - SwiftLint

SPEC CHECKSUMS:
  CustomerGlu: da663cc2faf7f2184a87ae8fac0868fe83c06659
  SwiftLint: e5c7f1fba68eccfc51509d5b2ce1699f5502e0c7

PODFILE CHECKSUM: 259f954a176b1bf736bc580264523c713cb4e2fc

COCOAPODS: 1.11.3
